
Microsoft Visual Studio Solution File, Format Version 12.00
# Visual Studio Version 17
VisualStudioVersion = 17.12.35527.113
MinimumVisualStudioVersion = 10.0.40219.1
Project("{2150E333-8FDC-42A3-9474-1A3956D46DE8}") = "src", "src", "{084C29CB-6DC2-4CD6-A312-A980E3499C6D}"
EndProject
Project("{FAE04EC0-301F-11D3-BF4B-00C04F79EFBC}") = "TenantOrdersLab.Domain", "TenantOrdersLab.Domain\TenantOrdersLab.Domain.csproj", "{6D53041F-9840-4407-9FB8-F1454A3B61EA}"
EndProject
Project("{FAE04EC0-301F-11D3-BF4B-00C04F79EFBC}") = "TenantOrdersLab.Infrastructure", "TenantOrdersLab.Infrastructure\TenantOrdersLab.Infrastructure.csproj", "{1D7A7D56-5683-41C9-B43A-AE8440A70A82}"
EndProject
Project("{FAE04EC0-301F-11D3-BF4B-00C04F79EFBC}") = "TenantOrdersLab.App", "TenantOrdersLab.App\TenantOrdersLab.App.csproj", "{D2D02E37-534B-4532-949C-32173EE1BB15}"
EndProject
Project("{2150E333-8FDC-42A3-9474-1A3956D46DE8}") = "tests", "tests", "{C3D5EDD5-17A4-4DA3-A4CD-B09178EA77AC}"
EndProject
Project("{FAE04EC0-301F-11D3-BF4B-00C04F79EFBC}") = "TenantOrdersLab.Domain.Tests", "TenantOrdersLab.Domain.Tests\TenantOrdersLab.Domain.Tests.csproj", "{27F5F166-9857-478C-ACE4-C9D5FD67C426}"
EndProject
Project("{2150E333-8FDC-42A3-9474-1A3956D46DE8}") = "Solution Items", "Solution Items", "{70A21E5E-708F-4146-98E8-6CD4CA367BC7}"
	ProjectSection(SolutionItems) = preProject
		README.MD = README.MD
	EndProjectSection
EndProject
Global
	GlobalSection(SolutionConfigurationPlatforms) = preSolution
		Debug|Any CPU = Debug|Any CPU
		Release|Any CPU = Release|Any CPU
	EndGlobalSection
	GlobalSection(ProjectConfigurationPlatforms) = postSolution
		{6D53041F-9840-4407-9FB8-F1454A3B61EA}.Debug|Any CPU.ActiveCfg = Debug|Any CPU
		{6D53041F-9840-4407-9FB8-F1454A3B61EA}.Debug|Any CPU.Build.0 = Debug|Any CPU
		{6D53041F-9840-4407-9FB8-F1454A3B61EA}.Release|Any CPU.ActiveCfg = Release|Any CPU
		{6D53041F-9840-4407-9FB8-F1454A3B61EA}.Release|Any CPU.Build.0 = Release|Any CPU
		{1D7A7D56-5683-41C9-B43A-AE8440A70A82}.Debug|Any CPU.ActiveCfg = Debug|Any CPU
		{1D7A7D56-5683-41C9-B43A-AE8440A70A82}.Debug|Any CPU.Build.0 = Debug|Any CPU
		{1D7A7D56-5683-41C9-B43A-AE8440A70A82}.Release|Any CPU.ActiveCfg = Release|Any CPU
		{1D7A7D56-5683-41C9-B43A-AE8440A70A82}.Release|Any CPU.Build.0 = Release|Any CPU
		{D2D02E37-534B-4532-949C-32173EE1BB15}.Debug|Any CPU.ActiveCfg = Debug|Any CPU
		{D2D02E37-534B-4532-949C-32173EE1BB15}.Debug|Any CPU.Build.0 = Debug|Any CPU
		{D2D02E37-534B-4532-949C-32173EE1BB15}.Release|Any CPU.ActiveCfg = Release|Any CPU
		{D2D02E37-534B-4532-949C-32173EE1BB15}.Release|Any CPU.Build.0 = Release|Any CPU
		{27F5F166-9857-478C-ACE4-C9D5FD67C426}.Debug|Any CPU.ActiveCfg = Debug|Any CPU
		{27F5F166-9857-478C-ACE4-C9D5FD67C426}.Debug|Any CPU.Build.0 = Debug|Any CPU
		{27F5F166-9857-478C-ACE4-C9D5FD67C426}.Release|Any CPU.ActiveCfg = Release|Any CPU
		{27F5F166-9857-478C-ACE4-C9D5FD67C426}.Release|Any CPU.Build.0 = Release|Any CPU
	EndGlobalSection
	GlobalSection(SolutionProperties) = preSolution
		HideSolutionNode = FALSE
	EndGlobalSection
	GlobalSection(NestedProjects) = preSolution
		{6D53041F-9840-4407-9FB8-F1454A3B61EA} = {084C29CB-6DC2-4CD6-A312-A980E3499C6D}
		{1D7A7D56-5683-41C9-B43A-AE8440A70A82} = {084C29CB-6DC2-4CD6-A312-A980E3499C6D}
		{D2D02E37-534B-4532-949C-32173EE1BB15} = {084C29CB-6DC2-4CD6-A312-A980E3499C6D}
		{27F5F166-9857-478C-ACE4-C9D5FD67C426} = {C3D5EDD5-17A4-4DA3-A4CD-B09178EA77AC}
	EndGlobalSection
EndGlobal
